
Microsoft Visual Studio Solution File, Format Version 12.00
# Visual Studio 2013
VisualStudioVersion = 12.0.21005.1
MinimumVisualStudioVersion = 10.0.40219.1
Project("{FAE04EC0-301F-11D3-BF4B-00C04F79EFBC}") = "SimpleGeometryLib", "SimpleGeometryLib\SimpleGeometryLib.csproj", "{1A126E2D-675F-49B4-8E47-EDDB711B41C7}"
EndProject
Project("{FAE04EC0-301F-11D3-BF4B-00C04F79EFBC}") = "SimpleGeometryMain", "SimpleGeometryMain\SimpleGeometryMain.csproj", "{D8310B8A-E123-41EA-9B1C-64B0792F0185}"
EndProject
Global
	GlobalSection(SolutionConfigurationPlatforms) = preSolution
		Debug|Any CPU = Debug|Any CPU
		Release|Any CPU = Release|Any CPU
	EndGlobalSection
	GlobalSection(ProjectConfigurationPlatforms) = postSolution
		{1A126E2D-675F-49B4-8E47-EDDB711B41C7}.Debug|Any CPU.ActiveCfg = Debug|Any CPU
		{1A126E2D-675F-49B4-8E47-EDDB711B41C7}.Debug|Any CPU.Build.0 = Debug|Any CPU
		{1A126E2D-675F-49B4-8E47-EDDB711B41C7}.Release|Any CPU.ActiveCfg = Release|Any CPU
		{1A126E2D-675F-49B4-8E47-EDDB711B41C7}.Release|Any CPU.Build.0 = Release|Any CPU
		{D8310B8A-E123-41EA-9B1C-64B0792F0185}.Debug|Any CPU.ActiveCfg = Debug|Any CPU
		{D8310B8A-E123-41EA-9B1C-64B0792F0185}.Debug|Any CPU.Build.0 = Debug|Any CPU
		{D8310B8A-E123-41EA-9B1C-64B0792F0185}.Release|Any CPU.ActiveCfg = Release|Any CPU
		{D8310B8A-E123-41EA-9B1C-64B0792F0185}.Release|Any CPU.Build.0 = Release|Any CPU
	EndGlobalSection
	GlobalSection(SolutionProperties) = preSolution
		HideSolutionNode = FALSE
	EndGlobalSection
EndGlobal
